# This file is automatically @generated by Cargo.
# It is not intended for manual editing.
version = 4

[[package]]
name = "shruti"
version = "2026.3.11"
dependencies = [
 "shruti-dsp",
 "shruti-engine",
 "shruti-session",
 "shruti-ui",
]

[[package]]
name = "shruti-ai"
version = "2026.3.11"
dependencies = [
 "shruti-session",
]

[[package]]
name = "shruti-dsp"
version = "2026.3.11"

[[package]]
name = "shruti-engine"
version = "2026.3.11"
dependencies = [
 "shruti-dsp",
]

[[package]]
name = "shruti-plugin"
version = "2026.3.11"
dependencies = [
 "shruti-engine",
]

[[package]]
name = "shruti-session"
version = "2026.3.11"
dependencies = [
 "shruti-engine",
]

[[package]]
name = "shruti-ui"
version = "2026.3.11"
dependencies = [
 "shruti-engine",
 "shruti-session",
]
